{
  "name": "jassub",
  "version": "1.0.0",
  "lockfileVersion": 2,
  "requires": true,
  "packages": {
    "": {
      "name": "jassub",
      "version": "1.0.0",
      "license": "LGPL-2.1-or-later AND (FTL OR GPL-2.0-or-later) AND MIT AND MIT-Modern-Variant AND ISC AND NTP AND Zlib AND BSL-1.0",
      "dependencies": {
        "rvfc-polyfill": "^1.0.1"
      }
    },
    "node_modules/rvfc-polyfill": {
      "version": "1.0.1",
      "resolved": "https://registry.npmjs.org/rvfc-polyfill/-/rvfc-polyfill-1.0.1.tgz",
      "integrity": "sha512-hepCx1+qOzeq386hLS8BlTHyQIMs3Dk88BV1UqdCMrqviHkqScmdnoc5UGLSf6gY+AFBGoaHrZIVat7lA1FOPA=="
    }
  },
  "dependencies": {
    "rvfc-polyfill": {
      "version": "1.0.1",
      "resolved": "https://registry.npmjs.org/rvfc-polyfill/-/rvfc-polyfill-1.0.1.tgz",
      "integrity": "sha512-hepCx1+qOzeq386hLS8BlTHyQIMs3Dk88BV1UqdCMrqviHkqScmdnoc5UGLSf6gY+AFBGoaHrZIVat7lA1FOPA=="
    }
  }
}
